
Microsoft Visual Studio Solution File, Format Version 12.00
# Visual Studio Version 16
VisualStudioVersion = 16.0.29409.12
MinimumVisualStudioVersion = 10.0.40219.1
Project("{FAE04EC0-301F-11D3-BF4B-00C04F79EFBC}") = "MatLabWrapper", "MatLabWrapper\MatLabWrapper.csproj", "{AEA3CABC-902B-4609-BD78-4F4191C31F08}"
EndProject
Project("{FAE04EC0-301F-11D3-BF4B-00C04F79EFBC}") = "MatrixExternalInterface", "..\MatrixExternalInterface\MatrixExternalInterface.csproj", "{F4AB957C-C8E5-4446-BDA5-A5CDE16DC450}"
EndProject
Global
	GlobalSection(SolutionConfigurationPlatforms) = preSolution
		Debug|Any CPU = Debug|Any CPU
		Release|Any CPU = Release|Any CPU
	EndGlobalSection
	GlobalSection(ProjectConfigurationPlatforms) = postSolution
		{AEA3CABC-902B-4609-BD78-4F4191C31F08}.Debug|Any CPU.ActiveCfg = Debug|Any CPU
		{AEA3CABC-902B-4609-BD78-4F4191C31F08}.Debug|Any CPU.Build.0 = Debug|Any CPU
		{AEA3CABC-902B-4609-BD78-4F4191C31F08}.Release|Any CPU.ActiveCfg = Release|Any CPU
		{AEA3CABC-902B-4609-BD78-4F4191C31F08}.Release|Any CPU.Build.0 = Release|Any CPU
		{F4AB957C-C8E5-4446-BDA5-A5CDE16DC450}.Debug|Any CPU.ActiveCfg = Debug|Any CPU
		{F4AB957C-C8E5-4446-BDA5-A5CDE16DC450}.Debug|Any CPU.Build.0 = Debug|Any CPU
		{F4AB957C-C8E5-4446-BDA5-A5CDE16DC450}.Release|Any CPU.ActiveCfg = Release|Any CPU
		{F4AB957C-C8E5-4446-BDA5-A5CDE16DC450}.Release|Any CPU.Build.0 = Release|Any CPU
	EndGlobalSection
	GlobalSection(SolutionProperties) = preSolution
		HideSolutionNode = FALSE
	EndGlobalSection
	GlobalSection(ExtensibilityGlobals) = postSolution
		SolutionGuid = {BB096FD3-FC45-4457-9136-4E36A1104D2B}
	EndGlobalSection
EndGlobal
