
Microsoft Visual Studio Solution File, Format Version 12.00
# Visual Studio Version 16
VisualStudioVersion = 16.0.29411.108
MinimumVisualStudioVersion = 10.0.40219.1
Project("{FAE04EC0-301F-11D3-BF4B-00C04F79EFBC}") = "MatrixLib_0.1", "MatrixLib_0.1\MatrixLib_0.1.csproj", "{24C41FC1-088F-4421-81B4-0EF173F29F50}"
EndProject
Global
	GlobalSection(SolutionConfigurationPlatforms) = preSolution
		Debug|Any CPU = Debug|Any CPU
		Release|Any CPU = Release|Any CPU
	EndGlobalSection
	GlobalSection(ProjectConfigurationPlatforms) = postSolution
		{24C41FC1-088F-4421-81B4-0EF173F29F50}.Debug|Any CPU.ActiveCfg = Debug|Any CPU
		{24C41FC1-088F-4421-81B4-0EF173F29F50}.Debug|Any CPU.Build.0 = Debug|Any CPU
		{24C41FC1-088F-4421-81B4-0EF173F29F50}.Release|Any CPU.ActiveCfg = Release|Any CPU
		{24C41FC1-088F-4421-81B4-0EF173F29F50}.Release|Any CPU.Build.0 = Release|Any CPU
	EndGlobalSection
	GlobalSection(SolutionProperties) = preSolution
		HideSolutionNode = FALSE
	EndGlobalSection
	GlobalSection(ExtensibilityGlobals) = postSolution
		SolutionGuid = {2FD643FE-FFCC-48BD-87BD-A7DBA965B443}
	EndGlobalSection
EndGlobal
