
Microsoft Visual Studio Solution File, Format Version 12.00
# Visual Studio 15
VisualStudioVersion = 15.0.28307.902
MinimumVisualStudioVersion = 10.0.40219.1
Project("{FAE04EC0-301F-11D3-BF4B-00C04F79EFBC}") = "MatLabForms", "MatLabForms\MatLabForms.csproj", "{CFAB0FAF-CB88-4A48-BF91-CA76F8E3D9C1}"
EndProject
Global
	GlobalSection(SolutionConfigurationPlatforms) = preSolution
		Debug|Any CPU = Debug|Any CPU
		Release|Any CPU = Release|Any CPU
	EndGlobalSection
	GlobalSection(ProjectConfigurationPlatforms) = postSolution
		{CFAB0FAF-CB88-4A48-BF91-CA76F8E3D9C1}.Debug|Any CPU.ActiveCfg = Debug|Any CPU
		{CFAB0FAF-CB88-4A48-BF91-CA76F8E3D9C1}.Debug|Any CPU.Build.0 = Debug|Any CPU
		{CFAB0FAF-CB88-4A48-BF91-CA76F8E3D9C1}.Release|Any CPU.ActiveCfg = Release|Any CPU
		{CFAB0FAF-CB88-4A48-BF91-CA76F8E3D9C1}.Release|Any CPU.Build.0 = Release|Any CPU
	EndGlobalSection
	GlobalSection(SolutionProperties) = preSolution
		HideSolutionNode = FALSE
	EndGlobalSection
	GlobalSection(ExtensibilityGlobals) = postSolution
		SolutionGuid = {DDABB21B-2FED-4F57-BE73-09D976EE0207}
	EndGlobalSection
EndGlobal
